
Microsoft Visual Studio Solution File, Format Version 12.00
# Visual Studio Version 16
VisualStudioVersion = 16.0.30002.166
MinimumVisualStudioVersion = 10.0.40219.1
Project("{FAE04EC0-301F-11D3-BF4B-00C04F79EFBC}") = "WebApp", "WebApp\WebApp.csproj", "{4400DF3E-5541-48C5-84CC-E56F1A6D285A}"
EndProject
Global
	GlobalSection(SolutionConfigurationPlatforms) = preSolution
		Debug|Any CPU = Debug|Any CPU
		Release|Any CPU = Release|Any CPU
	EndGlobalSection
	GlobalSection(ProjectConfigurationPlatforms) = postSolution
		{4400DF3E-5541-48C5-84CC-E56F1A6D285A}.Debug|Any CPU.ActiveCfg = Debug|Any CPU
		{4400DF3E-5541-48C5-84CC-E56F1A6D285A}.Debug|Any CPU.Build.0 = Debug|Any CPU
		{4400DF3E-5541-48C5-84CC-E56F1A6D285A}.Release|Any CPU.ActiveCfg = Release|Any CPU
		{4400DF3E-5541-48C5-84CC-E56F1A6D285A}.Release|Any CPU.Build.0 = Release|Any CPU
	EndGlobalSection
	GlobalSection(SolutionProperties) = preSolution
		HideSolutionNode = FALSE
	EndGlobalSection
	GlobalSection(ExtensibilityGlobals) = postSolution
		SolutionGuid = {40544612-BD73-479F-8D45-7BB2EC07266F}
	EndGlobalSection
EndGlobal
